PODS:
  - LZTag (0.1.0)
  - SnapKit (4.2.0)

DEPENDENCIES:
  - LZTag (from `../`)
  - SnapKit

SPEC REPOS:
  trunk:
    - SnapKit

EXTERNAL SOURCES:
  LZTag:
    :path: "../"

SPEC CHECKSUMS:
  LZTag: 9a2e4d97a21cfe43f66cb922ed81c4be4de05403
  SnapKit: fe8a619752f3f27075cc9a90244d75c6c3f27e2a

PODFILE CHECKSUM: 9754056099e35c2e1b77cb8b126d72030e517036

COCOAPODS: 1.11.2
