PODS:
  - LZTag (1.0.2)
  - SnapKit (4.2.0)

DEPENDENCIES:
  - LZTag (from `../`)
  - SnapKit

SPEC REPOS:
  trunk:
    - SnapKit

EXTERNAL SOURCES:
  LZTag:
    :path: "../"

SPEC CHECKSUMS:
  LZTag: 5a9512f73a00d9fe9ffd96f9895b6e24b4199feb
  SnapKit: fe8a619752f3f27075cc9a90244d75c6c3f27e2a

PODFILE CHECKSUM: f00845feae0f58aeecba9e485ebbc8ce6c8cbc6a

COCOAPODS: 1.11.2
